
Microsoft Visual Studio Solution File, Format Version 12.00
# Visual Studio Version 16
VisualStudioVersion = 16.0.31605.320
MinimumVisualStudioVersion = 10.0.40219.1
Project("{FAE04EC0-301F-11D3-BF4B-00C04F79EFBC}") = "ProgramaCMV", "ProgramaCMV\ProgramaCMV.csproj", "{F7412D82-FEF9-4598-9D22-374748BF405F}"
EndProject
Global
	GlobalSection(SolutionConfigurationPlatforms) = preSolution
		Debug|Any CPU = Debug|Any CPU
		Release|Any CPU = Release|Any CPU
	EndGlobalSection
	GlobalSection(ProjectConfigurationPlatforms) = postSolution
		{F7412D82-FEF9-4598-9D22-374748BF405F}.Debug|Any CPU.ActiveCfg = Debug|Any CPU
		{F7412D82-FEF9-4598-9D22-374748BF405F}.Debug|Any CPU.Build.0 = Debug|Any CPU
		{F7412D82-FEF9-4598-9D22-374748BF405F}.Release|Any CPU.ActiveCfg = Release|Any CPU
		{F7412D82-FEF9-4598-9D22-374748BF405F}.Release|Any CPU.Build.0 = Release|Any CPU
	EndGlobalSection
	GlobalSection(SolutionProperties) = preSolution
		HideSolutionNode = FALSE
	EndGlobalSection
	GlobalSection(ExtensibilityGlobals) = postSolution
		SolutionGuid = {497F8511-B19A-4442-B56A-B79745C79D7D}
	EndGlobalSection
EndGlobal
